
Microsoft Visual Studio Solution File, Format Version 12.00
# Visual Studio Version 17
VisualStudioVersion = 17.6.33723.286
MinimumVisualStudioVersion = 10.0.40219.1
Project("{FAE04EC0-301F-11D3-BF4B-00C04F79EFBC}") = "Mindbox.Testtask", "Mindbox.Testtask\Mindbox.Testtask.csproj", "{C9857F08-687D-454C-9BA1-AE518F51CDC3}"
EndProject
Project("{FAE04EC0-301F-11D3-BF4B-00C04F79EFBC}") = "Mindbox.Testtask.Tests", "Mindbox.Testtask.Tests\Mindbox.Testtask.Tests.csproj", "{8CEE860E-80DF-4926-9AA5-28DC215354CC}"
EndProject
Global
	GlobalSection(SolutionConfigurationPlatforms) = preSolution
		Debug|Any CPU = Debug|Any CPU
		Release|Any CPU = Release|Any CPU
	EndGlobalSection
	GlobalSection(ProjectConfigurationPlatforms) = postSolution
		{C9857F08-687D-454C-9BA1-AE518F51CDC3}.Debug|Any CPU.ActiveCfg = Debug|Any CPU
		{C9857F08-687D-454C-9BA1-AE518F51CDC3}.Debug|Any CPU.Build.0 = Debug|Any CPU
		{C9857F08-687D-454C-9BA1-AE518F51CDC3}.Release|Any CPU.ActiveCfg = Release|Any CPU
		{C9857F08-687D-454C-9BA1-AE518F51CDC3}.Release|Any CPU.Build.0 = Release|Any CPU
		{8CEE860E-80DF-4926-9AA5-28DC215354CC}.Debug|Any CPU.ActiveCfg = Debug|Any CPU
		{8CEE860E-80DF-4926-9AA5-28DC215354CC}.Debug|Any CPU.Build.0 = Debug|Any CPU
		{8CEE860E-80DF-4926-9AA5-28DC215354CC}.Release|Any CPU.ActiveCfg = Release|Any CPU
		{8CEE860E-80DF-4926-9AA5-28DC215354CC}.Release|Any CPU.Build.0 = Release|Any CPU
	EndGlobalSection
	GlobalSection(SolutionProperties) = preSolution
		HideSolutionNode = FALSE
	EndGlobalSection
	GlobalSection(ExtensibilityGlobals) = postSolution
		SolutionGuid = {599EEF59-3A41-4F00-84CF-DB447C96D940}
	EndGlobalSection
EndGlobal
